// !$*UTF8*$!
{
	archiveVersion = 1;
	classes = {
	};
	objectVersion = 50;
	objects = {

/* Begin PBXBuildFile section */
		90C7E1EB21913F78004AC95D /* AppDelegate.swift in Sources */ = {isa = PBXBuildFile; fileRef = 90C7E1EA21913F78004AC95D /* AppDelegate.swift */; };
		90C7E1ED21913F78004AC95D /* ViewController.swift in Sources */ = {isa = PBXBuildFile; fileRef = 90C7E1EC21913F78004AC95D /* ViewController.swift */; };
		90C7E1F021913F78004AC95D /* Main.storyboard in Resources */ = {isa = PBXBuildFile; fileRef = 90C7E1EE21913F78004AC95D /* Main.storyboard */; };
		90C7E1F221913F79004AC95D /* Assets.xcassets in Resources */ = {isa = PBXBuildFile; fileRef = 90C7E1F121913F79004AC95D /* Assets.xcassets */; };
		90C7E1F521913F79004AC95D /* LaunchScreen.storyboard in Resources */ = {isa = PBXBuildFile; fileRef = 90C7E1F321913F79004AC95D /* LaunchScreen.storyboard */; };
		90C7E20021913F79004AC95D /* FlixTests.swift in Sources */ = {isa = PBXBuildFile; fileRef = 90C7E1FF21913F79004AC95D /* FlixTests.swift */; };
		90C7E20B21913F79004AC95D /* FlixUITests.swift in Sources */ = {isa = PBXBuildFile; fileRef = 90C7E20A21913F79004AC95D /* FlixUITests.swift */; };
/* End PBXBuildFile section */

/* Begin PBXContainerItemProxy section */
		90C7E1FC21913F79004AC95D /* PBXContainerItemProxy */ = {
			isa = PBXContainerItemProxy;
			containerPortal = 90C7E1DF21913F78004AC95D /* Project object */;
			proxyType = 1;
			remoteGlobalIDString = 90C7E1E621913F78004AC95D;
			remoteInfo = Flix;
		};
		90C7E20721913F79004AC95D /* PBXContainerItemProxy */ = {
			isa = PBXContainerItemProxy;
			containerPortal = 90C7E1DF21913F78004AC95D /* Project object */;
			proxyType = 1;
			remoteGlobalIDString = 90C7E1E621913F78004AC95D;
			remoteInfo = Flix;
		};
/* End PBXContainerItemProxy section */

/* Begin PBXFileReference section */
		90C7E1E721913F78004AC95D /* Flix.app */ = {isa = PBXFileReference; explicitFileType = wrapper.application; includeInIndex = 0; path = Flix.app; sourceTree = BUILT_PRODUCTS_DIR; };
		90C7E1EA21913F78004AC95D /* AppDelegate.swift */ = {isa = PBXFileReference; lastKnownFileType = sourcecode.swift; path = AppDelegate.swift; sourceTree = "<group>"; };
		90C7E1EC21913F78004AC95D /* ViewController.swift */ = {isa = PBXFileReference; lastKnownFileType = sourcecode.swift; path = ViewController.swift; sourceTree = "<group>"; };
		90C7E1EF21913F78004AC95D /* Base */ = {isa = PBXFileReference; lastKnownFileType = file.storyboard; name = Base; path = Base.lproj/Main.storyboard; sourceTree = "<group>"; };
		90C7E1F121913F79004AC95D /* Assets.xcassets */ = {isa = PBXFileReference; lastKnownFileType = folder.assetcatalog; path = Assets.xcassets; sourceTree = "<group>"; };
		90C7E1F421913F79004AC95D /* Base */ = {isa = PBXFileReference; lastKnownFileType = file.storyboard; name = Base; path = Base.lproj/LaunchScreen.storyboard; sourceTree = "<group>"; };
		90C7E1F621913F79004AC95D /* Info.plist */ = {isa = PBXFileReference; lastKnownFileType = text.plist.xml; path = Info.plist; sourceTree = "<group>"; };
		90C7E1FB21913F79004AC95D /* FlixTests.xctest */ = {isa = PBXFileReference; explicitFileType = wrapper.cfbundle; includeInIndex = 0; path = FlixTests.xctest; sourceTree = BUILT_PRODUCTS_DIR; };
		90C7E1FF21913F79004AC95D /* FlixTests.swift */ = {isa = PBXFileReference; lastKnownFileType = sourcecode.swift; path = FlixTests.swift; sourceTree = "<group>"; };
		90C7E20121913F79004AC95D /* Info.plist */ = {isa = PBXFileReference; lastKnownFileType = text.plist.xml; path = Info.plist; sourceTree = "<group>"; };
		90C7E20621913F79004AC95D /* FlixUITests.xctest */ = {isa = PBXFileReference; explicitFileType = wrapper.cfbundle; includeInIndex = 0; path = FlixUITests.xctest; sourceTree = BUILT_PRODUCTS_DIR; };
		90C7E20A21913F79004AC95D /* FlixUITests.swift */ = {isa = PBXFileReference; lastKnownFileType = sourcecode.swift; path = FlixUITests.swift; sourceTree = "<group>"; };
		90C7E20C21913F79004AC95D /* Info.plist */ = {isa = PBXFileReference; lastKnownFileType = text.plist.xml; path = Info.plist; sourceTree = "<group>"; };
/* End PBXFileReference section */

/* Begin PBXFrameworksBuildPhase section */
		90C7E1E421913F78004AC95D /* Frameworks */ = {
			isa = PBXFrameworksBuildPhase;
			buildActionMask = 2147483647;
			files = (
			);
			runOnlyForDeploymentPostprocessing = 0;
		};
		90C7E1F821913F79004AC95D /* Frameworks */ = {
			isa = PBXFrameworksBuildPhase;
			buildActionMask = 2147483647;
			files = (
			);
			runOnlyForDeploymentPostprocessing = 0;
		};
		90C7E20321913F79004AC95D /* Frameworks */ = {
			isa = PBXFrameworksBuildPhase;
			buildActionMask = 2147483647;
			files = (
			);
			runOnlyForDeploymentPostprocessing = 0;
		};
/* End PBXFrameworksBuildPhase section */

/* Begin PBXGroup section */
		90C7E1DE21913F78004AC95D = {
			isa = PBXGroup;
			children = (
				90C7E1E921913F78004AC95D /* Flix */,
				90C7E1FE21913F79004AC95D /* FlixTests */,
				90C7E20921913F79004AC95D /* FlixUITests */,
				90C7E1E821913F78004AC95D /* Products */,
			);
			sourceTree = "<group>";
		};
		90C7E1E821913F78004AC95D /* Products */ = {
			isa = PBXGroup;
			children = (
				90C7E1E721913F78004AC95D /* Flix.app */,
				90C7E1FB21913F79004AC95D /* FlixTests.xctest */,
				90C7E20621913F79004AC95D /* FlixUITests.xctest */,
			);
			name = Products;
			sourceTree = "<group>";
		};
		90C7E1E921913F78004AC95D /* Flix */ = {
			isa = PBXGroup;
			children = (
				90C7E1EA21913F78004AC95D /* AppDelegate.swift */,
				90C7E1EC21913F78004AC95D /* ViewController.swift */,
				90C7E1EE21913F78004AC95D /* Main.storyboard */,
				90C7E1F121913F79004AC95D /* Assets.xcassets */,
				90C7E1F321913F79004AC95D /* LaunchScreen.storyboard */,
				90C7E1F621913F79004AC95D /* Info.plist */,
			);
			path = Flix;
			sourceTree = "<group>";
		};
		90C7E1FE21913F79004AC95D /* FlixTests */ = {
			isa = PBXGroup;
			children = (
				90C7E1FF21913F79004AC95D /* FlixTests.swift */,
				90C7E20121913F79004AC95D /* Info.plist */,
			);
			path = FlixTests;
			sourceTree = "<group>";
		};
		90C7E20921913F79004AC95D /* FlixUITests */ = {
			isa = PBXGroup;
			children = (
				90C7E20A21913F79004AC95D /* FlixUITests.swift */,
				90C7E20C21913F79004AC95D /* Info.plist */,
			);
			path = FlixUITests;
			sourceTree = "<group>";
		};
/* End PBXGroup section */

/* Begin PBXNativeTarget section */
		90C7E1E621913F78004AC95D /* Flix */ = {
			isa = PBXNativeTarget;
			buildConfigurationList = 90C7E20F21913F79004AC95D /* Build configuration list for PBXNativeTarget "Flix" */;
			buildPhases = (
				90C7E1E321913F78004AC95D /* Sources */,
				90C7E1E421913F78004AC95D /* Frameworks */,
				90C7E1E521913F78004AC95D /* Resources */,
			);
			buildRules = (
			);
			dependencies = (
			);
			name = Flix;
			productName = Flix;
			productReference = 90C7E1E721913F78004AC95D /* Flix.app */;
			productType = "com.apple.product-type.application";
		};
		90C7E1FA21913F79004AC95D /* FlixTests */ = {
			isa = PBXNativeTarget;
			buildConfigurationList = 90C7E21221913F79004AC95D /* Build configuration list for PBXNativeTarget "FlixTests" */;
			buildPhases = (
				90C7E1F721913F79004AC95D /* Sources */,
				90C7E1F821913F79004AC95D /* Frameworks */,
				90C7E1F921913F79004AC95D /* Resources */,
			);
			buildRules = (
			);
			dependencies = (
				90C7E1FD21913F79004AC95D /* PBXTargetDependency */,
			);
			name = FlixTests;
			productName = FlixTests;
			productReference = 90C7E1FB21913F79004AC95D /* FlixTests.xctest */;
			productType = "com.apple.product-type.bundle.unit-test";
		};
		90C7E20521913F79004AC95D /* FlixUITests */ = {
			isa = PBXNativeTarget;
			buildConfigurationList = 90C7E21521913F79004AC95D /* Build configuration list for PBXNativeTarget "FlixUITests" */;
			buildPhases = (
				90C7E20221913F79004AC95D /* Sources */,
				90C7E20321913F79004AC95D /* Frameworks */,
				90C7E20421913F79004AC95D /* Resources */,
			);
			buildRules = (
			);
			dependencies = (
				90C7E20821913F79004AC95D /* PBXTargetDependency */,
			);
			name = FlixUITests;
			productName = FlixUITests;
			productReference = 90C7E20621913F79004AC95D /* FlixUITests.xctest */;
			productType = "com.apple.product-type.bundle.ui-testing";
		};
/* End PBXNativeTarget section */

/* Begin PBXProject section */
		90C7E1DF21913F78004AC95D /* Project object */ = {
			isa = PBXProject;
			attributes = {
				LastSwiftUpdateCheck = 1000;
				LastUpgradeCheck = 1000;
				ORGANIZATIONNAME = "Stephanie Villalobos";
				TargetAttributes = {
					90C7E1E621913F78004AC95D = {
						CreatedOnToolsVersion = 10.0;
					};
					90C7E1FA21913F79004AC95D = {
						CreatedOnToolsVersion = 10.0;
						TestTargetID = 90C7E1E621913F78004AC95D;
					};
					90C7E20521913F79004AC95D = {
						CreatedOnToolsVersion = 10.0;
						TestTargetID = 90C7E1E621913F78004AC95D;
					};
				};
			};
			buildConfigurationList = 90C7E1E221913F78004AC95D /* Build configuration list for PBXProject "Flix" */;
			compatibilityVersion = "Xcode 9.3";
			developmentRegion = en;
			hasScannedForEncodings = 0;
			knownRegions = (
				en,
				Base,
			);
			mainGroup = 90C7E1DE21913F78004AC95D;
			productRefGroup = 90C7E1E821913F78004AC95D /* Products */;
			projectDirPath = "";
			projectRoot = "";
			targets = (
				90C7E1E621913F78004AC95D /* Flix */,
				90C7E1FA21913F79004AC95D /* FlixTests */,
				90C7E20521913F79004AC95D /* FlixUITests */,
			);
		};
/* End PBXProject section */

/* Begin PBXResourcesBuildPhase section */
		90C7E1E521913F78004AC95D /* Resources */ = {
			isa = PBXResourcesBuildPhase;
			buildActionMask = 2147483647;
			files = (
				90C7E1F521913F79004AC95D /* LaunchScreen.storyboard in Resources */,
				90C7E1F221913F79004AC95D /* Assets.xcassets in Resources */,
				90C7E1F021913F78004AC95D /* Main.storyboard in Resources */,
			);
			runOnlyForDeploymentPostprocessing = 0;
		};
		90C7E1F921913F79004AC95D /* Resources */ = {
			isa = PBXResourcesBuildPhase;
			buildActionMask = 2147483647;
			files = (
			);
			runOnlyForDeploymentPostprocessing = 0;
		};
		90C7E20421913F79004AC95D /* Resources */ = {
			isa = PBXResourcesBuildPhase;
			buildActionMask = 2147483647;
			files = (
			);
			runOnlyForDeploymentPostprocessing = 0;
		};
/* End PBXResourcesBuildPhase section */

/* Begin PBXSourcesBuildPhase section */
		90C7E1E321913F78004AC95D /* Sources */ = {
			isa = PBXSourcesBuildPhase;
			buildActionMask = 2147483647;
			files = (
				90C7E1ED21913F78004AC95D /* ViewController.swift in Sources */,
				90C7E1EB21913F78004AC95D /* AppDelegate.swift in Sources */,
			);
			runOnlyForDeploymentPostprocessing = 0;
		};
		90C7E1F721913F79004AC95D /* Sources */ = {
			isa = PBXSourcesBuildPhase;
			buildActionMask = 2147483647;
			files = (
				90C7E20021913F79004AC95D /* FlixTests.swift in Sources */,
			);
			runOnlyForDeploymentPostprocessing = 0;
		};
		90C7E20221913F79004AC95D /* Sources */ = {
			isa = PBXSourcesBuildPhase;
			buildActionMask = 2147483647;
			files = (
				90C7E20B21913F79004AC95D /* FlixUITests.swift in Sources */,
			);
			runOnlyForDeploymentPostprocessing = 0;
		};
/* End PBXSourcesBuildPhase section */

/* Begin PBXTargetDependency section */
		90C7E1FD21913F79004AC95D /* PBXTargetDependency */ = {
			isa = PBXTargetDependency;
			target = 90C7E1E621913F78004AC95D /* Flix */;
			targetProxy = 90C7E1FC21913F79004AC95D /* PBXContainerItemProxy */;
		};
		90C7E20821913F79004AC95D /* PBXTargetDependency */ = {
			isa = PBXTargetDependency;
			target = 90C7E1E621913F78004AC95D /* Flix */;
			targetProxy = 90C7E20721913F79004AC95D /* PBXContainerItemProxy */;
		};
/* End PBXTargetDependency section */

/* Begin PBXVariantGroup section */
		90C7E1EE21913F78004AC95D /* Main.storyboard */ = {
			isa = PBXVariantGroup;
			children = (
				90C7E1EF21913F78004AC95D /* Base */,
			);
			name = Main.storyboard;
			sourceTree = "<group>";
		};
		90C7E1F321913F79004AC95D /* LaunchScreen.storyboard */ = {
			isa = PBXVariantGroup;
			children = (
				90C7E1F421913F79004AC95D /* Base */,
			);
			name = LaunchScreen.storyboard;
			sourceTree = "<group>";
		};
/* End PBXVariantGroup section */

/* Begin XCBuildConfiguration section */
		90C7E20D21913F79004AC95D /* Debug */ = {
			isa = XCBuildConfiguration;
			buildSettings = {
				ALWAYS_SEARCH_USER_PATHS = NO;
				CLANG_ANALYZER_NONNULL = YES;
				CLANG_ANALYZER_NUMBER_OBJECT_CONVERSION = YES_AGGRESSIVE;
				CLANG_CXX_LANGUAGE_STANDARD = "gnu++14";
				CLANG_CXX_LIBRARY = "libc++";
				CLANG_ENABLE_MODULES = YES;
				CLANG_ENABLE_OBJC_ARC = YES;
				CLANG_ENABLE_OBJC_WEAK = YES;
				CLANG_WARN_BLOCK_CAPTURE_AUTORELEASING = YES;
				CLANG_WARN_BOOL_CONVERSION = YES;
				CLANG_WARN_COMMA = YES;
				CLANG_WARN_CONSTANT_CONVERSION = YES;
				CLANG_WARN_DEPRECATED_OBJC_IMPLEMENTATIONS = YES;
				CLANG_WARN_DIRECT_OBJC_ISA_USAGE = YES_ERROR;
				CLANG_WARN_DOCUMENTATION_COMMENTS = YES;
				CLANG_WARN_EMPTY_BODY = YES;
				CLANG_WARN_ENUM_CONVERSION = YES;
				CLANG_WARN_INFINITE_RECURSION = YES;
				CLANG_WARN_INT_CONVERSION = YES;
				CLANG_WARN_NON_LITERAL_NULL_CONVERSION = YES;
				CLANG_WARN_OBJC_IMPLICIT_RETAIN_SELF = YES;
				CLANG_WARN_OBJC_LITERAL_CONVERSION = YES;
				CLANG_WARN_OBJC_ROOT_CLASS = YES_ERROR;
				CLANG_WARN_RANGE_LOOP_ANALYSIS = YES;
				CLANG_WARN_STRICT_PROTOTYPES = YES;
				CLANG_WARN_SUSPICIOUS_MOVE = YES;
				CLANG_WARN_UNGUARDED_AVAILABILITY = YES_AGGRESSIVE;
				CLANG_WARN_UNREACHABLE_CODE = YES;
				CLANG_WARN__DUPLICATE_METHOD_MATCH = YES;
				CODE_SIGN_IDENTITY = "iPhone Developer";
				COPY_PHASE_STRIP = NO;
				DEBUG_INFORMATION_FORMAT = dwarf;
				ENABLE_STRICT_OBJC_MSGSEND = YES;
				ENABLE_TESTABILITY = YES;
				GCC_C_LANGUAGE_STANDARD = gnu11;
				GCC_DYNAMIC_NO_PIC = NO;
				GCC_NO_COMMON_BLOCKS = YES;
				GCC_OPTIMIZATION_LEVEL = 0;
				GCC_PREPROCESSOR_DEFINITIONS = (
					"DEBUG=1",
					"$(inherited)",
				);
				GCC_WARN_64_TO_32_BIT_CONVERSION = YES;
				GCC_WARN_ABOUT_RETURN_TYPE = YES_ERROR;
				GCC_WARN_UNDECLARED_SELECTOR = YES;
				GCC_WARN_UNINITIALIZED_AUTOS = YES_AGGRESSIVE;
				GCC_WARN_UNUSED_FUNCTION = YES;
				GCC_WARN_UNUSED_VARIABLE = YES;
				IPHONEOS_DEPLOYMENT_TARGET = 12.0;
				MTL_ENABLE_DEBUG_INFO = INCLUDE_SOURCE;
				MTL_FAST_MATH = YES;
				ONLY_ACTIVE_ARCH = YES;
				SDKROOT = iphoneos;
				SWIFT_ACTIVE_COMPILATION_CONDITIONS = DEBUG;
				SWIFT_OPTIMIZATION_LEVEL = "-Onone";
			};
			name = Debug;
		};
		90C7E20E21913F79004AC95D /* Release */ = {
			isa = XCBuildConfiguration;
			buildSettings = {
				ALWAYS_SEARCH_USER_PATHS = NO;
				CLANG_ANALYZER_NONNULL = YES;
				CLANG_ANALYZER_NUMBER_OBJECT_CONVERSION = YES_AGGRESSIVE;
				CLANG_CXX_LANGUAGE_STANDARD = "gnu++14";
				CLANG_CXX_LIBRARY = "libc++";
				CLANG_ENABLE_MODULES = YES;
				CLANG_ENABLE_OBJC_ARC = YES;
				CLANG_ENABLE_OBJC_WEAK = YES;
				CLANG_WARN_BLOCK_CAPTURE_AUTORELEASING = YES;
				CLANG_WARN_BOOL_CONVERSION = YES;
				CLANG_WARN_COMMA = YES;
				CLANG_WARN_CONSTANT_CONVERSION = YES;
				CLANG_WARN_DEPRECATED_OBJC_IMPLEMENTATIONS = YES;
				CLANG_WARN_DIRECT_OBJC_ISA_USAGE = YES_ERROR;
				CLANG_WARN_DOCUMENTATION_COMMENTS = YES;
				CLANG_WARN_EMPTY_BODY = YES;
				CLANG_WARN_ENUM_CONVERSION = YES;
				CLANG_WARN_INFINITE_RECURSION = YES;
				CLANG_WARN_INT_CONVERSION = YES;
				CLANG_WARN_NON_LITERAL_NULL_CONVERSION = YES;
				CLANG_WARN_OBJC_IMPLICIT_RETAIN_SELF = YES;
				CLANG_WARN_OBJC_LITERAL_CONVERSION = YES;
				CLANG_WARN_OBJC_ROOT_CLASS = YES_ERROR;
				CLANG_WARN_RANGE_LOOP_ANALYSIS = YES;
				CLANG_WARN_STRICT_PROTOTYPES = YES;
				CLANG_WARN_SUSPICIOUS_MOVE = YES;
				CLANG_WARN_UNGUARDED_AVAILABILITY = YES_AGGRESSIVE;
				CLANG_WARN_UNREACHABLE_CODE = YES;
				CLANG_WARN__DUPLICATE_METHOD_MATCH = YES;
				CODE_SIGN_IDENTITY = "iPhone Developer";
				COPY_PHASE_STRIP = NO;
				DEBUG_INFORMATION_FORMAT = "dwarf-with-dsym";
				ENABLE_NS_ASSERTIONS = NO;
				ENABLE_STRICT_OBJC_MSGSEND = YES;
				GCC_C_LANGUAGE_STANDARD = gnu11;
				GCC_NO_COMMON_BLOCKS = YES;
				GCC_WARN_64_TO_32_BIT_CONVERSION = YES;
				GCC_WARN_ABOUT_RETURN_TYPE = YES_ERROR;
				GCC_WARN_UNDECLARED_SELECTOR = YES;
				GCC_WARN_UNINITIALIZED_AUTOS = YES_AGGRESSIVE;
				GCC_WARN_UNUSED_FUNCTION = YES;
				GCC_WARN_UNUSED_VARIABLE = YES;
				IPHONEOS_DEPLOYMENT_TARGET = 12.0;
				MTL_ENABLE_DEBUG_INFO = NO;
				MTL_FAST_MATH = YES;
				SDKROOT = iphoneos;
				SWIFT_COMPILATION_MODE = wholemodule;
				SWIFT_OPTIMIZATION_LEVEL = "-O";
				VALIDATE_PRODUCT = YES;
			};
			name = Release;
		};
		90C7E21021913F79004AC95D /* Debug */ = {
			isa = XCBuildConfiguration;
			buildSettings = {
				ASSETCATALOG_COMPILER_APPICON_NAME = AppIcon;
				CODE_SIGN_STYLE = Automatic;
				INFOPLIST_FILE = Flix/Info.plist;
				LD_RUNPATH_SEARCH_PATHS = (
					"$(inherited)",
					"@executable_path/Frameworks",
				);
				PRODUCT_BUNDLE_IDENTIFIER = Codepath.com.Flix;
				PRODUCT_NAME = "$(TARGET_NAME)";
				SWIFT_VERSION = 4.2;
				TARGETED_DEVICE_FAMILY = "1,2";
			};
			name = Debug;
		};
		90C7E21121913F79004AC95D /* Release */ = {
			isa = XCBuildConfiguration;
			buildSettings = {
				ASSETCATALOG_COMPILER_APPICON_NAME = AppIcon;
				CODE_SIGN_STYLE = Automatic;
				INFOPLIST_FILE = Flix/Info.plist;
				LD_RUNPATH_SEARCH_PATHS = (
					"$(inherited)",
					"@executable_path/Frameworks",
				);
				PRODUCT_BUNDLE_IDENTIFIER = Codepath.com.Flix;
				PRODUCT_NAME = "$(TARGET_NAME)";
				SWIFT_VERSION = 4.2;
				TARGETED_DEVICE_FAMILY = "1,2";
			};
			name = Release;
		};
		90C7E21321913F79004AC95D /* Debug */ = {
			isa = XCBuildConfiguration;
			buildSettings = {
				ALWAYS_EMBED_SWIFT_STANDARD_LIBRARIES = YES;
				BUNDLE_LOADER = "$(TEST_HOST)";
				CODE_SIGN_STYLE = Automatic;
				INFOPLIST_FILE = FlixTests/Info.plist;
				LD_RUNPATH_SEARCH_PATHS = (
					"$(inherited)",
					"@executable_path/Frameworks",
					"@loader_path/Frameworks",
				);
				PRODUCT_BUNDLE_IDENTIFIER = Codepath.com.FlixTests;
				PRODUCT_NAME = "$(TARGET_NAME)";
				SWIFT_VERSION = 4.2;
				TARGETED_DEVICE_FAMILY = "1,2";
				TEST_HOST = "$(BUILT_PRODUCTS_DIR)/Flix.app/Flix";
			};
			name = Debug;
		};
		90C7E21421913F79004AC95D /* Release */ = {
			isa = XCBuildConfiguration;
			buildSettings = {
				ALWAYS_EMBED_SWIFT_STANDARD_LIBRARIES = YES;
				BUNDLE_LOADER = "$(TEST_HOST)";
				CODE_SIGN_STYLE = Automatic;
				INFOPLIST_FILE = FlixTests/Info.plist;
				LD_RUNPATH_SEARCH_PATHS = (
					"$(inherited)",
					"@executable_path/Frameworks",
					"@loader_path/Frameworks",
				);
				PRODUCT_BUNDLE_IDENTIFIER = Codepath.com.FlixTests;
				PRODUCT_NAME = "$(TARGET_NAME)";
				SWIFT_VERSION = 4.2;
				TARGETED_DEVICE_FAMILY = "1,2";
				TEST_HOST = "$(BUILT_PRODUCTS_DIR)/Flix.app/Flix";
			};
			name = Release;
		};
		90C7E21621913F79004AC95D /* Debug */ = {
			isa = XCBuildConfiguration;
			buildSettings = {
				ALWAYS_EMBED_SWIFT_STANDARD_LIBRARIES = YES;
				CODE_SIGN_STYLE = Automatic;
				INFOPLIST_FILE = FlixUITests/Info.plist;
				LD_RUNPATH_SEARCH_PATHS = (
					"$(inherited)",
					"@executable_path/Frameworks",
					"@loader_path/Frameworks",
				);
				PRODUCT_BUNDLE_IDENTIFIER = Codepath.com.FlixUITests;
				PRODUCT_NAME = "$(TARGET_NAME)";
				SWIFT_VERSION = 4.2;
				TARGETED_DEVICE_FAMILY = "1,2";
				TEST_TARGET_NAME = Flix;
			};
			name = Debug;
		};
		90C7E21721913F79004AC95D /* Release */ = {
			isa = XCBuildConfiguration;
			buildSettings = {
				ALWAYS_EMBED_SWIFT_STANDARD_LIBRARIES = YES;
				CODE_SIGN_STYLE = Automatic;
				INFOPLIST_FILE = FlixUITests/Info.plist;
				LD_RUNPATH_SEARCH_PATHS = (
					"$(inherited)",
					"@executable_path/Frameworks",
					"@loader_path/Frameworks",
				);
				PRODUCT_BUNDLE_IDENTIFIER = Codepath.com.FlixUITests;
				PRODUCT_NAME = "$(TARGET_NAME)";
				SWIFT_VERSION = 4.2;
				TARGETED_DEVICE_FAMILY = "1,2";
				TEST_TARGET_NAME = Flix;
			};
			name = Release;
		};
/* End XCBuildConfiguration section */

/* Begin XCConfigurationList section */
		90C7E1E221913F78004AC95D /* Build configuration list for PBXProject "Flix" */ = {
			isa = XCConfigurationList;
			buildConfigurations = (
				90C7E20D21913F79004AC95D /* Debug */,
				90C7E20E21913F79004AC95D /* Release */,
			);
			defaultConfigurationIsVisible = 0;
			defaultConfigurationName = Release;
		};
		90C7E20F21913F79004AC95D /* Build configuration list for PBXNativeTarget "Flix" */ = {
			isa = XCConfigurationList;
			buildConfigurations = (
				90C7E21021913F79004AC95D /* Debug */,
				90C7E21121913F79004AC95D /* Release */,
			);
			defaultConfigurationIsVisible = 0;
			defaultConfigurationName = Release;
		};
		90C7E21221913F79004AC95D /* Build configuration list for PBXNativeTarget "FlixTests" */ = {
			isa = XCConfigurationList;
			buildConfigurations = (
				90C7E21321913F79004AC95D /* Debug */,
				90C7E21421913F79004AC95D /* Release */,
			);
			defaultConfigurationIsVisible = 0;
			defaultConfigurationName = Release;
		};
		90C7E21521913F79004AC95D /* Build configuration list for PBXNativeTarget "FlixUITests" */ = {
			isa = XCConfigurationList;
			buildConfigurations = (
				90C7E21621913F79004AC95D /* Debug */,
				90C7E21721913F79004AC95D /* Release */,
			);
			defaultConfigurationIsVisible = 0;
			defaultConfigurationName = Release;
		};
/* End XCConfigurationList section */
	};
	rootObject = 90C7E1DF21913F78004AC95D /* Project object */;
}
